
Microsoft Visual Studio Solution File, Format Version 12.00
# Visual Studio Version 17
VisualStudioVersion = 17.1.32414.318
MinimumVisualStudioVersion = 10.0.40219.1
Project("{FAE04EC0-301F-11D3-BF4B-00C04F79EFBC}") = "CshHW6", "CshHW6\CshHW6.csproj", "{9C6A3D45-4448-41A9-BB1A-EB60F276A0BF}"
EndProject
Global
	GlobalSection(SolutionConfigurationPlatforms) = preSolution
		Debug|Any CPU = Debug|Any CPU
		Release|Any CPU = Release|Any CPU
	EndGlobalSection
	GlobalSection(ProjectConfigurationPlatforms) = postSolution
		{9C6A3D45-4448-41A9-BB1A-EB60F276A0BF}.Debug|Any CPU.ActiveCfg = Debug|Any CPU
		{9C6A3D45-4448-41A9-BB1A-EB60F276A0BF}.Debug|Any CPU.Build.0 = Debug|Any CPU
		{9C6A3D45-4448-41A9-BB1A-EB60F276A0BF}.Release|Any CPU.ActiveCfg = Release|Any CPU
		{9C6A3D45-4448-41A9-BB1A-EB60F276A0BF}.Release|Any CPU.Build.0 = Release|Any CPU
	EndGlobalSection
	GlobalSection(SolutionProperties) = preSolution
		HideSolutionNode = FALSE
	EndGlobalSection
	GlobalSection(ExtensibilityGlobals) = postSolution
		SolutionGuid = {E8BAF720-D6D8-4D8E-A2BE-822865EE2BE7}
	EndGlobalSection
EndGlobal
